version = 1
revision = 3
requires-python = ">=3.11"

[[package]]
name = "clang-format"
version = "23.1.1"
source = { registry = "https://pypi.org/simple" }
sdist = { url = "https://files.pythonhosted.org/packages/01/5b/50e0d309817837c872544459ae508307669987605fd336f8acc8e1b4ed1c/clang_format-23.1.1.tar.gz", hash = "sha256:0cd866591d6cce31a6bf4b216a5810be3893cec1ad8213b746f21f5bee6d18bb", size = 11507, upload-time = "2026-09-10T20:01:45.651Z" }
wheels = [
    { url = "https://files.pythonhosted.org/packages/45/a3/e45ab75ae0fbe8f90a637af146978d1ef3799c26252163a8068b19a46e03/clang_format-23.1.1-py2.py3-none-macosx_10_9_x86_64.whl", hash = "sha256:8f8ea1e02f7cab8dace82a0d56733e532ffc3e6e41e658edc28261029e94c499", size = 1565088, upload-time = "2026-09-10T20:01:11.199Z" },
    { url = "https://files.pythonhosted.org/packages/29/da/f354b637650ae04854d9096c252d08f03ccda7044b1f005861a4ddba28cf/clang_format-23.1.1-py2.py3-none-macosx_11_0_arm64.whl", hash = "sha256:d64a1788759c4cbc08a0aca21dd2bd38605c0758543aa15b8c0636508f0ebae7", size = 1552401, upload-time = "2026-09-10T20:01:13.168Z" },
    { url = "https://files.pythonhosted.org/packages/0e/b6/1a162e427d912b88653a66e99a22414d798eb885b761ffddb74dbc13963f/clang_format-23.1.1-py2.py3-none-manylinux_2_26_aarch64.manylinux_2_28_aarch64.whl", hash = "sha256:09af54d2ef51680b34e36ed71b9f510bd399fb7b10b29a2a40843cd0e0344228", size = 1820695, upload-time = "2026-09-10T20:01:14.752Z" },
    { url = "https://files.pythonhosted.org/packages/18/6f/c4b0520fb413632828a86a1ba1ed4629e7f80ac59b403b77a7baa7c2fd79/clang_format-23.1.1-py2.py3-none-manylinux_2_26_i686.manylinux_2_28_i686.whl", hash = "sha256:965c8bd87cabb26942a336bceb99186a2de6874a7d3f734e540090e634195726", size = 1954912, upload-time = "2026-09-10T20:01:16.265Z" },
    { url = "https://files.pythonhosted.org/packages/f1/4b/70cc4a70e48ed4f992851e96da53a94dfed806179e2e6100f3a133268f4b/clang_format-23.1.1-py2.py3-none-manylinux_2_26_ppc64le.manylinux_2_28_ppc64le.whl", hash = "sha256:29a70106390a32ec552591e73fec4d9b3c892668fe28fe5c2c47bf68d550fe55", size = 2192254, upload-time = "2026-09-10T20:01:18.065Z" },
    { url = "https://files.pythonhosted.org/packages/70/e6/7b1a41605228a6b58e670fc1ede2728a93a230906833bd1242eb0b2f0b8d/clang_format-23.1.1-py2.py3-none-manylinux_2_26_s390x.manylinux_2_28_s390x.whl", hash = "sha256:f965f1e50de06cb86af8ac23d55748b87876c12e7a156a53ec4417d91a6fe656", size = 2161167, upload-time = "2026-09-10T20:01:19.672Z" },
    { url = "https://files.pythonhosted.org/packages/42/ef/3f8e215916e79ecd435b5bc20810443f80fce3fb8bbfe6d2783ceb775c1b/clang_format-23.1.1-py2.py3-none-manylinux_2_27_x86_64.manylinux_2_28_x86_64.whl", hash = "sha256:64900462c1203cee2fec364536c2dda708baf0619e15b52ceda926648cc82f56", size = 1906937, upload-time = "2026-09-10T20:01:22.175Z" },
    { url = "https://files.pythonhosted.org/packages/6f/4f/69fb11c496fbdad0924ba82ed45c631a3842bc26a6ad766070d8784e771d/clang_format-23.1.1-py2.py3-none-manylinux_2_31_armv7l.whl", hash = "sha256:8b2e286c8e7070609fbfbd511aed54ba2906a9a348237ba54b3fcab278c6eb78", size = 1738549, upload-time = "2026-09-10T20:01:23.671Z" },
    { url = "https://files.pythonhosted.org/packages/a7/e7/d4127a650065cc67322026be76a7ce2efe4635e61d9151f6cc0a58668871/clang_format-23.1.1-py2.py3-none-musllinux_1_2_aarch64.whl", hash = "sha256:64edd9e43e1c6065239056ea1d8f091aa551379dd96ee311f9b1a973cabfcdde", size = 2802121, upload-time = "2026-09-10T20:01:25.449Z" },
    { url = "https://files.pythonhosted.org/packages/7b/0f/705db2b7aab2c87e0f06a1fe9fcbb4828df6c9c944bfddc9f9f8422f05d7/clang_format-23.1.1-py2.py3-none-musllinux_1_2_armv7l.whl", hash = "sha256:a401297fe45f04ae0152f6b5f4c372ad602830be524c2e69469d700abdee1637", size = 2579878, upload-time = "2026-09-10T20:01:28.294Z" },
    { url = "https://files.pythonhosted.org/packages/bf/e7/055d26ea53be9cb4ebecc98714deda9d16beed991c314e86b46955cac7e4/clang_format-23.1.1-py2.py3-none-musllinux_1_2_i686.whl", hash = "sha256:68521e74541e34f4a299b82f07735981bb3bce4b0d455ce7a60beb8d9ab4decc", size = 3057059, upload-time = "2026-09-10T20:01:30.36Z" },
    { url = "https://files.pythonhosted.org/packages/bd/79/f23bb5c9f17e6464e86ca3bc1dbcd11705fd620a69d0379465cb4f4f6b98/clang_format-23.1.1-py2.py3-none-musllinux_1_2_ppc64le.whl", hash = "sha256:b71734b64d7b7ec7d4e4e167a67b34d0462dd83de5aa74af5de3af3a9d7546de", size = 3247248, upload-time = "2026-09-10T20:01:32.187Z" },
    { url = "https://files.pythonhosted.org/packages/eb/64/4fb8cfeb3ec6f3ed30a4ac9a36d8c7cc245cf48964a92272227e578331e3/clang_format-23.1.1-py2.py3-none-musllinux_1_2_s390x.whl", hash = "sha256:6d896cd6c6b32dc31a16c9ba0714e1ea4c0359719552462d12aef80a8e45dcb3", size = 3285967, upload-time = "2026-09-10T20:01:33.986Z" },
    { url = "https://files.pythonhosted.org/packages/67/d0/6507318b8c3d3175066d02ba8322de2724b352c8df5153b4e512fba7de28/clang_format-23.1.1-py2.py3-none-musllinux_1_2_x86_64.whl", hash = "sha256:f351726f4706aea605225978484986386167edafa3f85a467bad4a44bfdfa97f", size = 2919375, upload-time = "2026-09-10T20:01:36.331Z" },
    { url = "https://files.pythonhosted.org/packages/fc/b4/7c5f597be1df0db958294e53b375ca606fbbc4a741725e938cf187739d15/clang_format-23.1.1-py2.py3-none-win32.whl", hash = "sha256:8109e5d13028987912f4477c43afcefa242a016a4212b8ed34dc10395177448b", size = 1363769, upload-time = "2026-09-10T20:01:38.563Z" },
    { url = "https://files.pythonhosted.org/packages/4e/98/bcf1d46d62b63f92e8ee513dc2c3caa5c3168206af3785ada76ce994c96b/clang_format-23.1.1-py2.py3-none-win_amd64.whl", hash = "sha256:eaf3075d7e2bf477c150c6d53bfff040eca851365c0429a06b9bec0de65186d5", size = 1537558, upload-time = "2026-09-10T20:01:40.921Z" },
    { url = "https://files.pythonhosted.org/packages/90/4c/3ae3671f91d181bfda6148c684c3514c878767c0fbbb3793d4d804103d3a/clang_format-23.1.1-py2.py3-none-win_arm64.whl", hash = "sha256:7f81856d845b6274b888d0d5f51a1f819f38f080a5b9637a38873f6e0e2cde3b", size = 1411230, upload-time = "2026-09-10T20:01:43.106Z" },
]

[[package]]
name = "cmake"
version = "3.31.10"
source = { registry = "https://pypi.org/simple" }
sdist = { url = "https://files.pythonhosted.org/packages/37/7b/fbadb3f4fe90ad6ef57f9f5f9e4f721af8e86376fbdf11da2c6ed099830e/cmake-3.31.10.tar.gz", hash = "sha256:ec3d14a0e72e401b3665034dc37901df17f0b4e9c5b163be6cfedfb93470ac0f", size = 34499, upload-time = "2025-11-20T17:07:54.664Z" }
wheels = [
    { url = "https://files.pythonhosted.org/packages/99/3b/6ed408a99709808df4014bead522e075f0e8d1100e6d886eb5bc30fee04e/cmake-3.31.10-py3-none-macosx_10_10_universal2.whl", hash = "sha256:ad697643a00d9ba85179590a383c4f7401169b55ebf4b8b2938daf28c6bdeb6d", size = 48001731, upload-time = "2025-11-20T17:06:57.473Z" },
    { url = "https://files.pythonhosted.org/packages/ad/59/acc2f79180d8aaf55b707ee65b5296ae76a3295ebff9e65d840849b6abc0/cmake-3.31.10-py3-none-manylinux_2_12_i686.manylinux2010_i686.whl", hash = "sha256:7c300e4ae68fbc1414a85505f7feb262cee82ff3304a286885ebf803b11a997c", size = 27579802, upload-time = "2025-11-20T17:07:00.676Z" },
    { url = "https://files.pythonhosted.org/packages/cc/0a/2f17b5cc0d3ac1ce2324364c044d170d06167f8d6b7464ee76857114d95e/cmake-3.31.10-py3-none-manylinux_2_12_x86_64.manylinux2010_x86_64.whl", hash = "sha256:3c17bb24dba15f8ecc3fd706afe04264410ef88796f4115c119327c961d5dc57", size = 26832178, upload-time = "2025-11-20T17:07:03.475Z" },
    { url = "https://files.pythonhosted.org/packages/b1/6c/d629c3b6a30105f5946e754b42d6ce84be36c190cc70b70fb2eb8a0ffc37/cmake-3.31.10-py3-none-manylinux_2_17_aarch64.manylinux2014_aarch64.whl", hash = "sha256:a4a5615f31f692c9b9aa8b365704e4b76172348af6fa40e16fea3f118bb01194", size = 27165148, upload-time = "2025-11-20T17:07:06.895Z" },
    { url = "https://files.pythonhosted.org/packages/9b/d8/9842811ec5615598003499e2d38062d42651a20d022f93f9a590807d76b3/cmake-3.31.10-py3-none-manylinux_2_17_i686.manylinux2014_i686.whl", hash = "sha256:8d2ec5fc45d305227020c82213140a51a0cebe3c84f0299036f05716b3a52f60", size = 28889720, upload-time = "2025-11-20T17:07:09.597Z" },
    { url = "https://files.pythonhosted.org/packages/01/e9/7042b018121ceaae48416d37edb9924646e3cc8bbb417374cafdf8c2fa58/cmake-3.31.10-py3-none-manylinux_2_17_ppc64le.manylinux2014_ppc64le.whl", hash = "sha256:a7864605238759a4ae8e3bd1fda2bb03978e3e37df310852662dcf53866413c8", size = 30757069, upload-time = "2025-11-20T17:07:12.537Z" },
    { url = "https://files.pythonhosted.org/packages/24/a8/4e320cd6dfae630c5d9532d822c20a095565bcb159be839919ff7ea2952f/cmake-3.31.10-py3-none-manylinux_2_17_s390x.manylinux2014_s390x.whl", hash = "sha256:1debc3a0823ce5d8d1bc17154599bbbb337c2681f93622b618bc78f46576e42a", size = 26932214, upload-time = "2025-11-20T17:07:16.075Z" },
    { url = "https://files.pythonhosted.org/packages/f4/2e/cefc60143950ca1a8dda26d4c8484e6fc406db16e7ca098ebae549de35f9/cmake-3.31.10-py3-none-manylinux_2_17_x86_64.manylinux2014_x86_64.whl", hash = "sha256:2f766bb46367e5e0559fa33184653754bce044583a06014dcaebf8e6dff8a1f1", size = 27808794, upload-time = "2025-11-20T17:07:18.974Z" },
    { url = "https://files.pythonhosted.org/packages/1f/55/3f7d68d03f116142ce1076d65898e3d31c24d72985e827bfd9c601c8bc65/cmake-3.31.10-py3-none-manylinux_2_31_armv7l.whl", hash = "sha256:91410816db3beefe2f6032d721f9978c98dc7646e9992c0325486597164fab81", size = 24986234, upload-time = "2025-11-20T17:07:21.596Z" },
    { url = "https://files.pythonhosted.org/packages/e1/2e/634e46413472be742f3f422f159c41079bdc8ffba67538228f94a166c9ee/cmake-3.31.10-py3-none-musllinux_1_1_aarch64.whl", hash = "sha256:c2e5361dea9754ed3b06cf834894fb47dcbe7036d5e5d87acaeb10ff3dd5fd10", size = 27849273, upload-time = "2025-11-20T17:07:24.369Z" },
    { url = "https://files.pythonhosted.org/packages/6f/af/fac7ee4d79b688b94b4f6a6e5c4b080dca7594342576ad88a52b02a2d4eb/cmake-3.31.10-py3-none-musllinux_1_1_i686.whl", hash = "sha256:6970bb75c4dfc28cc31ff0cd848194d09094ae00d605181e1345b2ff70b61050", size = 31391299, upload-time = "2025-11-20T17:07:27.228Z" },
    { url = "https://files.pythonhosted.org/packages/d4/14/62339280a675106227ff650166c2899fe9f822ef9b855365563e71115125/cmake-3.31.10-py3-none-musllinux_1_1_ppc64le.whl", hash = "sha256:4cefb0a28ac1268b4eed4b595bf3aaff8de9704089066027700ec36584eccab8", size = 32105563, upload-time = "2025-11-20T17:07:34.352Z" },
    { url = "https://files.pythonhosted.org/packages/ba/19/a3014beb02b344599e7a879f9c91d5e388aa76924b1369e13ffd535d613d/cmake-3.31.10-py3-none-musllinux_1_1_s390x.whl", hash = "sha256:b331984de38dbda22d676f8812c8905526341ba7b397fe8c359255ff4d051193", size = 27972718, upload-time = "2025-11-20T17:07:37.492Z" },
    { url = "https://files.pythonhosted.org/packages/b0/53/63b70d583c93352beeb692f0ec6bf4dede96f92df85c009577a663be304a/cmake-3.31.10-py3-none-musllinux_1_1_x86_64.whl", hash = "sha256:678fc23db37cc69f01e18eb28790450ecc9401fd2fcd43364cc18f92330c12c2", size = 29497491, upload-time = "2025-11-20T17:07:40.316Z" },
    { url = "https://files.pythonhosted.org/packages/fc/a3/9d3a3881e70b947abe2d779e4c37d1aa9ac7f8339354e78d6036d520a220/cmake-3.31.10-py3-none-musllinux_1_2_armv7l.whl", hash = "sha256:e135d5f1e59f1dc1c80eea87321977d6c0eff86cb601c28e0965a1dd457ea587", size = 33183971, upload-time = "2025-11-20T17:07:43.392Z" },
    { url = "https://files.pythonhosted.org/packages/06/f2/8e13be79373ef808659e52680643e0388057060e2627757b90df72c50681/cmake-3.31.10-py3-none-win32.whl", hash = "sha256:b059a1810a2ce766b3e531bdc8d730bc192e260a9fa7dec7a0eb7a053d6063c7", size = 33416497, upload-time = "2025-11-20T17:07:46.467Z" },
    { url = "https://files.pythonhosted.org/packages/84/4b/e433ab430c580ec8e3d54cb2ec5c7ea76ae0b1e6ef2c2998c854f21d7780/cmake-3.31.10-py3-none-win_amd64.whl", hash = "sha256:f1ea1fe826355560e8976c3d5794d9357444209bc0e0d56676c71e6a571fd474", size = 36630429, upload-time = "2025-11-20T17:07:49.445Z" },
    { url = "https://files.pythonhosted.org/packages/9f/c3/4eb3288ccd779556fee4b7b0955bdb14545bbae83f85f7c819dde8013708/cmake-3.31.10-py3-none-win_arm64.whl", hash = "sha256:422a54711aa977af19d59b8f6010354cdda0b72a2e6d702b6d892e3e2cdf98a2", size = 35457178, upload-time = "2025-11-20T17:07:52.367Z" },
]

[[package]]
name = "colorama"
version = "0.4.6"
source = { registry = "https://pypi.org/simple" }
sdist = { url = "https://files.pythonhosted.org/packages/d8/53/6f443c9a4a8358a93a6792e2acffb9d9d5cb0a5cfd8802644b7b1c9a02e4/colorama-0.4.6.tar.gz", hash = "sha256:08695f5cb7ed6e0531a20572697297273c47b8cae5a63ffc6d6ed5c201be6e44", size = 27697, upload-time = "2022-10-25T02:36:22.414Z" }
wheels = [
    { url = "https://files.pythonhosted.org/packages/d1/d6/3965ed04c63042e047cb6a3e6ed1a63a35087b6a609aa3a15ed8ac56c221/colorama-0.4.6-py2.py3-none-any.whl", hash = "sha256:4f1d9991f5acc0ca119f9d443620b77f9d6b33703e51011c16baf57afb285fc6", size = 25335, upload-time = "2022-10-25T02:36:20.889Z" },
]

[[package]]
name = "duckdb"
version = "1.5.6"
source = { registry = "https://pypi.org/simple" }
sdist = { url = "https://files.pythonhosted.org/packages/59/0b/d65ea3be00ea79aa276a8388bec588a9cbf409ce637c6d306e5316210d15/duckdb-1.5.6.tar.gz", hash = "sha256:166a91dbfacfc0c9f08cc76c0243cb6d3d4296bfab5bad72a3cfb63140a5b7c8", size = 18032957, upload-time = "2026-09-28T13:38:37.978Z" }
wheels = [
    { url = "https://files.pythonhosted.org/packages/36/e5/01e03d30b7ba33a030a4269fdca16ce445ce10f9d29b84a10fdbe0636ad2/duckdb-1.5.6-cp311-cp311-macosx_10_9_universal2.whl", hash = "sha256:c88700d0ee68ad149a0cc624df21b0f21efc136ea2449aaadd7cd0c9a564962a", size = 32757482, upload-time = "2026-09-28T13:37:29.916Z" },
    { url = "https://files.pythonhosted.org/packages/ba/4f/7f7be626a4649a3948ca646c84d6afc1a00121f292f98e6f0d9ed68330df/duckdb-1.5.6-cp311-cp311-macosx_10_9_x86_64.whl", hash = "sha256:03e4f1b10a8b8ff476eb2b73955590fadbcef978da1167c593114c5edf763960", size = 17372997, upload-time = "2026-09-28T13:37:32.363Z" },
    { url = "https://files.pythonhosted.org/packages/1a/66/9d57573729348d800a0eebdd508f1a833d3714f72e984fef79b47f0e6c45/duckdb-1.5.6-cp311-cp311-macosx_11_0_arm64.whl", hash = "sha256:34623eaabd2c66ba5c20f1a39486321c3b7d32e4e0e001ced95f81e3372dd361", size = 15514224, upload-time = "2026-09-28T13:37:34.467Z" },
    { url = "https://files.pythonhosted.org/packages/57/ec/97f595214b3a27b4ca42b8cab6d8121c06f3537dcc4d2da7bca0332de4c5/duckdb-1.5.6-cp311-cp311-manylinux_2_26_aarch64.manylinux_2_28_aarch64.whl", hash = "sha256:56c0f71c6bee982e9c30568bb12371bf66b26bf129c75d8d7f60bc69d6590a2c", size = 19428776, upload-time = "2026-09-28T13:37:36.689Z" },
    { url = "https://files.pythonhosted.org/packages/68/4a/ab59f4c1f76fb89e28d23f19b2729538e0723c8d328a07e1b8c37f9ee128/duckdb-1.5.6-cp311-cp311-manylinux_2_26_x86_64.manylinux_2_28_x86_64.whl", hash = "sha256:73b108c04c932b36c2fa4e41110cc1c3c8cd510eb49f065f92d050be8e6929fd", size = 21537771, upload-time = "2026-09-28T13:37:39.548Z" },
    { url = "https://files.pythonhosted.org/packages/31/4f/9306c442ecad76f2a4d19f249e7fc8861f139dcf748315102eb69de8ca56/duckdb-1.5.6-cp311-cp311-win_amd64.whl", hash = "sha256:dda311932cf5aae955a53fe28a4fc1700c2ab5fa02dc1f165abdd5ec6c39141e", size = 13179009, upload-time = "2026-09-28T13:37:41.981Z" },
    { url = "https://files.pythonhosted.org/packages/a0/40/8a370e998293d3ebbbac4d926db30bb4ac5f700851a06ac31e7093bee386/duckdb-1.5.6-cp311-cp311-win_arm64.whl", hash = "sha256:df5ae02af278e084f54a9730a9f4f211ed736d0bd8f3bc12af925c2effb5b33d", size = 14046340, upload-time = "2026-09-28T13:37:44.187Z" },
    { url = "https://files.pythonhosted.org/packages/d9/d5/d0ab77a0a1702a43171c93874f44c1f6481e30038bd3987df0d77a16a5c6/duckdb-1.5.6-cp312-cp312-macosx_10_13_universal2.whl", hash = "sha256:48d07d0651aaeac2c3974afd37599970154b7b79b54c18f27c319c14ccf98d9d", size = 32810486, upload-time = "2026-09-28T13:37:47.254Z" },
    { url = "https://files.pythonhosted.org/packages/9f/cd/b22201de5377faa3be6c38d5f3eaa504cb480392a448bed6a4d2239469b4/duckdb-1.5.6-cp312-cp312-macosx_10_13_x86_64.whl", hash = "sha256:79de3dfa8705b1ba0d59e7e3252e40ff399e0afd12f485502a6c7bf7c2fd809a", size = 17405278, upload-time = "2026-09-28T13:37:50.135Z" },
    { url = "https://files.pythonhosted.org/packages/9c/6d/f9cfb1493bbdc2f095693a402e42dce1192077f9e11573f00baed6a748de/duckdb-1.5.6-cp312-cp312-macosx_11_0_arm64.whl", hash = "sha256:dcccce20965e6986cd083fdf192c461685ad0b93cd1ccd0b2a8207f1185f078b", size = 15532943, upload-time = "2026-09-28T13:37:52.927Z" },
    { url = "https://files.pythonhosted.org/packages/53/04/f65ccfaa5a833f2e570c4a140f03c8f95da416da9fe8ed08401f81f8242a/duckdb-1.5.6-cp312-cp312-manylinux_2_26_aarch64.manylinux_2_28_aarch64.whl", hash = "sha256:ce89a1025a5317ebe9c520876c48032b5247ac574865486648b1a004f6009875", size = 19454940, upload-time = "2026-09-28T13:37:55.732Z" },
    { url = "https://files.pythonhosted.org/packages/4c/99/be75c788a492f8d77b7a1cdc1b19939ae7be0007f2028691ad371a1a33ee/duckdb-1.5.6-cp312-cp312-manylinux_2_26_x86_64.manylinux_2_28_x86_64.whl", hash = "sha256:bc9619ed7d4ffa117b5155d84b44794366bb6635178d78ed5e13a6024845c757", size = 21568087, upload-time = "2026-09-28T13:37:58.191Z" },
    { url = "https://files.pythonhosted.org/packages/b5/95/889f8508960e47c0a7c75cc5bf57cde8512fc24f8db7b3129cca5388da42/duckdb-1.5.6-cp312-cp312-win_amd64.whl", hash = "sha256:09ff51b230219f0d8b47fc8a1e17fb595ba9fab0c3d96a6de4d00b8ff86b3cf1", size = 13190189, upload-time = "2026-09-28T13:38:00.407Z" },
    { url = "https://files.pythonhosted.org/packages/a4/c9/baab503364a68309f8368c88e77f5341e7d94927bdf3e6d703f0e5035f3e/duckdb-1.5.6-cp312-cp312-win_arm64.whl", hash = "sha256:b8d795c8b2d5634b3269f974aa97f1fdf878f62f032317a52252a151b693fb1e", size = 14021977, upload-time = "2026-09-28T13:38:02.682Z" },
    { url = "https://files.pythonhosted.org/packages/b1/5e/a476197fcba557738a588ec844747a19bc0a24b0e6f1809e308f29d68c0e/duckdb-1.5.6-cp313-cp313-macosx_10_13_universal2.whl", hash = "sha256:ae352646374cacf48e9981cf031191c494865192fc436d13667a2531fc5d1da3", size = 32810376, upload-time = "2026-09-28T13:38:05.148Z" },
    { url = "https://files.pythonhosted.org/packages/0c/6d/5466a2b53ddd557644dfa47a763f68748efccdf282e6ae7c4f1bcfb3da69/duckdb-1.5.6-cp313-cp313-macosx_10_13_x86_64.whl", hash = "sha256:5a1261e90785e9d29953293e44f60fa073bd1137098924e8de21a037a861b051", size = 17405385, upload-time = "2026-09-28T13:38:07.363Z" },
    { url = "https://files.pythonhosted.org/packages/d4/a0/bf87071170835ee4a34fe764fc11c1c6e7040a0e021b36c1b6f834a4c22f/duckdb-1.5.6-cp313-cp313-macosx_11_0_arm64.whl", hash = "sha256:97dd7a555b8f5298b76bc7d48a11cb2c64336e8de9bfde783cffb86ea9f54807", size = 15533132, upload-time = "2026-09-28T13:38:09.681Z" },
    { url = "https://files.pythonhosted.org/packages/31/e0/38095c8e140ecfbe847519ac07bcba94301b8fbb76b2870015e33e07f179/duckdb-1.5.6-cp313-cp313-manylinux_2_26_aarch64.manylinux_2_28_aarch64.whl", hash = "sha256:364992ba1089a2b327391cfcb68fd0bd0ce9090cf293baef861a0ba6847abfee", size = 19454994, upload-time = "2026-09-28T13:38:11.836Z" },
    { url = "https://files.pythonhosted.org/packages/70/21/61dd2876bbaa69cf77d7b5c620e52e8b25faae7096f4d2e4a812b52095d7/duckdb-1.5.6-cp313-cp313-manylinux_2_26_x86_64.manylinux_2_28_x86_64.whl", hash = "sha256:644f54ce99b3b61844bc9a3fe80e0aecb1ea4084b1fffc4396d1569db6111679", size = 21568700, upload-time = "2026-09-28T13:38:14.258Z" },
    { url = "https://files.pythonhosted.org/packages/4a/4a/100730e7785e85268be4d4d5bd62cfc8314e261d2f42efa208243eef35cb/duckdb-1.5.6-cp313-cp313-win_amd64.whl", hash = "sha256:ced693d33ddcee2e5345f077d342c87d2aaa80e41c514e64c9ff2d4e5963c251", size = 13190707, upload-time = "2026-09-28T13:38:16.875Z" },
    { url = "https://files.pythonhosted.org/packages/f3/2e/bc7f44eab4e89ee5c1cb427bb1168ad021d985042e6841ec0694c3d3d501/duckdb-1.5.6-cp313-cp313-win_arm64.whl", hash = "sha256:41ecc75bb9328d72d154a705c1a653d2c5c60f686a5c0c6578aa80020753c884", size = 14020962, upload-time = "2026-09-28T13:38:19.007Z" },
    { url = "https://files.pythonhosted.org/packages/fb/62/a8a30a4c6b94c0861d348ed5633b963f6745a5525527530f02f3c1a7c931/duckdb-1.5.6-cp314-cp314-macosx_10_15_universal2.whl", hash = "sha256:aa21d2ad803b2524326e8622d7d96b2bb1ff1d5b60368e1978ee805df9c21fb3", size = 32828003, upload-time = "2026-09-28T13:38:21.414Z" },
    { url = "https://files.pythonhosted.org/packages/71/b7/1dcca0005eb8c67adf9fc06bf0cbb1d2bf4ea1974cc89e7a7c2ad66aac28/duckdb-1.5.6-cp314-cp314-macosx_10_15_x86_64.whl", hash = "sha256:8a1b2ad27d414068cbca06c55cfa802eece10f86ea4812ff082f8ab4cb25fc85", size = 17413912, upload-time = "2026-09-28T13:38:23.915Z" },
    { url = "https://files.pythonhosted.org/packages/93/b0/e3ac175443550f3464f2d95731a8b0aae9b4dc3875c3a186c352262b43c2/duckdb-1.5.6-cp314-cp314-macosx_11_0_arm64.whl", hash = "sha256:c79c6d222b1d015cde73b5139087186b00db65357fb4e2c94c2308fbbf465a72", size = 15543122, upload-time = "2026-09-28T13:38:26.317Z" },
    { url = "https://files.pythonhosted.org/packages/9d/08/cc510a7952aba69d5cdca17f3ef61c95713d86143f2ee9aa3e097d38f50b/duckdb-1.5.6-cp314-cp314-manylinux_2_26_aarch64.manylinux_2_28_aarch64.whl", hash = "sha256:1052b8050ef5696e2c0d8c836949c72f3dd11f0690466acbea739613e8e2750b", size = 19457946, upload-time = "2026-09-28T13:38:28.877Z" },
    { url = "https://files.pythonhosted.org/packages/ef/a5/6f8099d9a5a02ddff89e5c85875df3465054845b0920fb0703fbdf8dd2ec/duckdb-1.5.6-cp314-cp314-manylinux_2_26_x86_64.manylinux_2_28_x86_64.whl", hash = "sha256:19c5e485e59613b8878d1670bcaa7a010f53c5a4da5ae8e08863e5e529ca6182", size = 21575132, upload-time = "2026-09-28T13:38:31.231Z" },
    { url = "https://files.pythonhosted.org/packages/9f/58/762f7159662d7859e201fa05ca29f306795daeabf84f3e087215a966b001/duckdb-1.5.6-cp314-cp314-win_amd64.whl", hash = "sha256:ebcbd09cd8578ab1093393e9b16289cda0e8f1791ac595bf00eb5bad75c3cf00", size = 13713963, upload-time = "2026-09-28T13:38:33.543Z" },
    { url = "https://files.pythonhosted.org/packages/46/69/64d165db322de13f5c3e75d377b6b9694df1821155ad1fa4b14b04601abc/duckdb-1.5.6-cp314-cp314-win_arm64.whl", hash = "sha256:820a8384faef11cd86068ea48c5da57ce2d8f1c7b3d2bdb9be3398317a7c3728", size = 14514368, upload-time = "2026-09-28T13:38:35.676Z" },
]

[[package]]
name = "duckdb-jev-tests"
version = "0.2.2"
source = { virtual = "." }
dependencies = [
    { name = "duckdb" },
]

[package.dev-dependencies]
dev = [
    { name = "clang-format" },
    { name = "cmake" },
    { name = "ninja" },
    { name = "pyright" },
    { name = "pytest" },
    { name = "ruff" },
]

[package.metadata]
requires-dist = [{ name = "duckdb", specifier = "==1.5.6" }]

[package.metadata.requires-dev]
dev = [
    { name = "clang-format", specifier = ">=23.1.1" },
    { name = "cmake", specifier = ">=3.30,<4" },
    { name = "ninja", specifier = ">=1.11" },
    { name = "pyright", specifier = ">=1.1" },
    { name = "pytest", specifier = ">=8,<10" },
    { name = "ruff", specifier = ">=0.12" },
]

[[package]]
name = "iniconfig"
version = "2.3.0"
source = { registry = "https://pypi.org/simple" }
sdist = { url = "https://files.pythonhosted.org/packages/72/34/14ca021ce8e5dfedc35312d08ba8bf51fdd999c576889fc2c24cb97f4f10/iniconfig-2.3.0.tar.gz", hash = "sha256:c76315c77db068650d49c5b56314774a7804df16fee4402c1f19d6d15d8c4730", size = 20503, upload-time = "2025-10-18T21:55:43.219Z" }
wheels = [
    { url = "https://files.pythonhosted.org/packages/cb/b1/3846dd7f199d53cb17f49cba7e651e9ce294d8497c8c150530ed11865bb8/iniconfig-2.3.0-py3-none-any.whl", hash = "sha256:f631c04d2c48c52b84d0d0549c99ff3859c98df65b3101406327ecc7d53fbf12", size = 7484, upload-time = "2025-10-18T21:55:41.639Z" },
]

[[package]]
name = "ninja"
version = "1.13.2"
source = { registry = "https://pypi.org/simple" }
sdist = { url = "https://files.pythonhosted.org/packages/ac/92/410b7917d16ab54c04b05cc32b9284803671d91cf79d33be6009c28d4ea8/ninja-1.13.2.tar.gz", hash = "sha256:525bfa3fc88aa30a4467df270fd5be6f9fcae8061d54d4df74ea1dc5abd5a975", size = 243739, upload-time = "2026-08-30T15:49:51.897Z" }
wheels = [
    { url = "https://files.pythonhosted.org/packages/b5/b8/90a9518f2264637084d6199bc20c2f3fb97fefc4c474d277720150c3bd6d/ninja-1.13.2-py3-none-macosx_10_9_universal2.whl", hash = "sha256:fd82e26c0706ad4ab88e5fdd26f3fab0a987a90f810160f6c322e752c6af298b", size = 306611, upload-time = "2026-08-30T15:49:28.267Z" },
    { url = "https://files.pythonhosted.org/packages/35/54/7368ce188625e39acc03ee362bb86cc9bfa6ad15e25c50889ae36e2889b3/ninja-1.13.2-py3-none-manylinux2014_aarch64.manylinux_2_17_aarch64.whl", hash = "sha256:d775a5e43e9088f507a6250d57fcf5678eb31268c545feb5064ffeee33735622", size = 177180, upload-time = "2026-08-30T15:49:29.59Z" },
    { url = "https://files.pythonhosted.org/packages/80/1a/0b5601ece2a5de97253e7c7c442b70315333955593c2b55616fd17f1706f/ninja-1.13.2-py3-none-manylinux2014_i686.manylinux_2_17_i686.whl", hash = "sha256:81d95081c0ad7c95f67bf682220361ed2a32659d7861b4766b03433c58f22516", size = 199485, upload-time = "2026-08-30T15:49:30.72Z" },
    { url = "https://files.pythonhosted.org/packages/48/23/fcbe234a66966e35928c47b86336f92a7612db4781665f4e5f5fddef9630/ninja-1.13.2-py3-none-manylinux2014_ppc64le.manylinux_2_17_ppc64le.whl", hash = "sha256:227cbc3ae3e5e429692388103cae8c09451df086cd2d342dae0795af0d162547", size = 197676, upload-time = "2026-08-30T15:49:32.026Z" },
    { url = "https://files.pythonhosted.org/packages/24/eb/a6ca97ef0ff7bb8bdcb395ec65a716e65d7c1f40896c3afe0090bb3e1535/ninja-1.13.2-py3-none-manylinux2014_s390x.manylinux_2_17_s390x.whl", hash = "sha256:1684c60d031c54c1d049541b64243c0c567dca5463dbd77682a8901780af293d", size = 187980, upload-time = "2026-08-30T15:49:33.372Z" },
    { url = "https://files.pythonhosted.org/packages/6e/53/ebfed7b689c338dd8ebeec9c0730c8d56821292f14e2536e5f3ef1a05744/ninja-1.13.2-py3-none-manylinux2014_x86_64.manylinux_2_17_x86_64.whl", hash = "sha256:65a24341b5ac09fcadcc37082660be40a94174e51a937fabf6e2cae26225fa2c", size = 183365, upload-time = "2026-08-30T15:49:34.53Z" },
    { url = "https://files.pythonhosted.org/packages/c7/d6/dcf06d7ab44ade992ae5aa1228feff317684b463a1bd47e8642b30ac922e/ninja-1.13.2-py3-none-manylinux_2_28_armv7l.manylinux_2_31_armv7l.whl", hash = "sha256:aa3d2ae5706a2c4d1e93edc951d1c6cbb45107413c404f8fde1741239efbc9a0", size = 155089, upload-time = "2026-08-30T15:49:35.72Z" },
    { url = "https://files.pythonhosted.org/packages/e1/6b/6513c09c33382b17c05b4349b8e81437b18680d0d7ec6fb8f7edc29adda1/ninja-1.13.2-py3-none-manylinux_2_31_riscv64.whl", hash = "sha256:919572cbc3f233261ecd41fe1f3efc9d44aa02464a4588867e06a8b4f6f416ea", size = 152149, upload-time = "2026-08-30T15:49:36.971Z" },
    { url = "https://files.pythonhosted.org/packages/4d/70/d59fa4261f5ce586f43d8716de1da33d813afc116f0bf9173bf4cdbfdb2a/ninja-1.13.2-py3-none-musllinux_1_2_aarch64.whl", hash = "sha256:0e083700470c02ca154a855ae6d692d03564f5064cae52e113896f9ccc078418", size = 525392, upload-time = "2026-08-30T15:49:38.136Z" },
    { url = "https://files.pythonhosted.org/packages/37/04/c8c2dc5b2f5fee79a1691d490256b178b7e1af97d56769117422ae8a23cc/ninja-1.13.2-py3-none-musllinux_1_2_armv7l.whl", hash = "sha256:59d71c3e15b6b6f3d903eb0c27285544e0747ca59925ada7037bb1af781ad4b3", size = 466268, upload-time = "2026-08-30T15:49:39.479Z" },
    { url = "https://files.pythonhosted.org/packages/f3/6d/fce288647e53e96e0f0929a3c5b23986aae1b7101ea8889a3090237c5d13/ninja-1.13.2-py3-none-musllinux_1_2_i686.whl", hash = "sha256:f90f84affc441e219f15fe52532806c1c9dbd22fb66c3addddce88a3deaabab7", size = 605088, upload-time = "2026-08-30T15:49:40.826Z" },
    { url = "https://files.pythonhosted.org/packages/10/a2/d8eedd25d0ae80b9e874aea362013e67416877c8f732eb4d5e7c971fdb9c/ninja-1.13.2-py3-none-musllinux_1_2_ppc64le.whl", hash = "sha256:b2f687437fac460b27b7eadc99039b1163016fb4ba7276e2782a192d9f24ee0e", size = 610806, upload-time = "2026-08-30T15:49:42.168Z" },
    { url = "https://files.pythonhosted.org/packages/14/0f/696d96821fad1b5767fd311c1569dde8881a57412369bfe7b11bcbfde036/ninja-1.13.2-py3-none-musllinux_1_2_riscv64.whl", hash = "sha256:09de9ab04f7352f51570c73fd4913acb1e6c24be0a72cd8b80243d4d3ed04925", size = 533978, upload-time = "2026-08-30T15:49:43.451Z" },
    { url = "https://files.pythonhosted.org/packages/5d/69/28844ca579156776a202217a7cd66f60d06a0710a935e879bb89ce396ecc/ninja-1.13.2-py3-none-musllinux_1_2_s390x.whl", hash = "sha256:6a87bf42b123abe2f37737300185f0a303a891899da85d73a3613ee80547e578", size = 653822, upload-time = "2026-08-30T15:49:44.724Z" },
    { url = "https://files.pythonhosted.org/packages/f5/5f/c511f2952f94ab2966d60edd9c34e744ea32f2724b1184b62270bde55b3a/ninja-1.13.2-py3-none-musllinux_1_2_x86_64.whl", hash = "sha256:915bd482c4be41c75120fd67a22e0bb3f0fbb3bbc5f95b89787deadd59e27ef2", size = 544460, upload-time = "2026-08-30T15:49:46.29Z" },
    { url = "https://files.pythonhosted.org/packages/79/e7/fb0e828e89ac77ef77183a0834f17c4108e66088732fed86a3cc3c776a7a/ninja-1.13.2-py3-none-win32.whl", hash = "sha256:792cadbb9decfd1f776d4d0a6930feb46d08302eb57c176bcf26b09de5748e9f", size = 270319, upload-time = "2026-08-30T15:49:47.942Z" },
    { url = "https://files.pythonhosted.org/packages/3f/dd/3766b5f4d32e8a9b97d195496b0b01fbbe2e1a41669dab0cd6492a6ce199/ninja-1.13.2-py3-none-win_amd64.whl", hash = "sha256:1293f4078278b70d0ee4b6cc8f3a9e030656c9b2f59909970343c4fe76070118", size = 311798, upload-time = "2026-08-30T15:49:49.351Z" },
    { url = "https://files.pythonhosted.org/packages/b7/8d/59a31fa508070d042571d9d226b541a21000756817313f397da22287ad34/ninja-1.13.2-py3-none-win_arm64.whl", hash = "sha256:1db9852e528efa7702f5123969f86678663e46d57ff28ab13f5fd84d64a85fb1", size = 290620, upload-time = "2026-08-30T15:49:50.639Z" },
]

[[package]]
name = "nodeenv"
version = "1.10.0"
source = { registry = "https://pypi.org/simple" }
sdist = { url = "https://files.pythonhosted.org/packages/24/bf/d1bda4f6168e0b2e9e5958945e01910052158313224ada5ce1fb2e1113b8/nodeenv-1.10.0.tar.gz", hash = "sha256:996c191ad80897d076bdfba80a41994c2b47c68e224c542b48feba42ba00f8bb", size = 55611, upload-time = "2025-12-20T14:08:54.006Z" }
wheels = [
    { url = "https://files.pythonhosted.org/packages/88/b2/d0896bdcdc8d28a7fc5717c305f1a861c26e18c05047949fb371034d98bd/nodeenv-1.10.0-py2.py3-none-any.whl", hash = "sha256:5bb13e3eed2923615535339b3c620e76779af4cb4c6a90deccc9e36b274d3827", size = 23438, upload-time = "2025-12-20T14:08:52.782Z" },
]

[[package]]
name = "packaging"
version = "26.3"
source = { registry = "https://pypi.org/simple" }
sdist = { url = "https://files.pythonhosted.org/packages/7d/fa/3944b40b07da9ce895c0e6303a5ab7d53da063554f534556b134a54d6093/packaging-26.3.tar.gz", hash = "sha256:94edc256424af38762eb31306eed28beb9f0efc50a8837492c9d6fd6004aed79", size = 313412, upload-time = "2026-08-04T18:15:28.737Z" }
wheels = [
    { url = "https://files.pythonhosted.org/packages/63/34/ba1c580383c9eada3711951fef0795c80b829a078d72188184bcab9dd527/packaging-26.3-py3-none-any.whl", hash = "sha256:d7193f7c8e4e93f444fde0262bf90af30e16fa0ad0ad44cb553c87339b23cd1c", size = 129956, upload-time = "2026-08-04T18:15:27.159Z" },
]

[[package]]
name = "pluggy"
version = "1.6.0"
source = { registry = "https://pypi.org/simple" }
sdist = { url = "https://files.pythonhosted.org/packages/f9/e2/3e91f31a7d2b083fe6ef3fa267035b518369d9511ffab804f839851d2779/pluggy-1.6.0.tar.gz", hash = "sha256:7dcc130b76258d33b90f61b658791dede3486c3e6bfb003ee5c9bfb396dd22f3", size = 69412, upload-time = "2025-05-15T12:30:07.975Z" }
wheels = [
    { url = "https://files.pythonhosted.org/packages/54/20/4d324d65cc6d9205fabedc306948156824eb9f0ee1633355a8f7ec5c66bf/pluggy-1.6.0-py3-none-any.whl", hash = "sha256:e920276dd6813095e9377c0bc5566d94c932c33b27a3e3945d8389c374dd4746", size = 20538, upload-time = "2025-05-15T12:30:06.134Z" },
]

[[package]]
name = "pygments"
version = "2.21.0"
source = { registry = "https://pypi.org/simple" }
sdist = { url = "https://files.pythonhosted.org/packages/49/2e/ced460408999b33da6b31b0021b0f37d329e202d4169aeb164493778f25b/pygments-2.21.0.tar.gz", hash = "sha256:610ca751c9bc2492b38eb9a38a7fbc93edbbb2d7182edaf34e66ae493dee5c8c", size = 5005329, upload-time = "2026-08-17T08:02:48.824Z" }
wheels = [
    { url = "https://files.pythonhosted.org/packages/71/46/17f022dd3e953bf20a04a028a21ec746d942f8d2af30fa0f124fa0e6a684/pygments-2.21.0-py3-none-any.whl", hash = "sha256:2363c69b61c4a97c838da3b130dcd6468f4848992b21a82f2a63ec34377137d9", size = 1250147, upload-time = "2026-08-17T08:02:44.912Z" },
]

[[package]]
name = "pyright"
version = "1.1.414"
source = { registry = "https://pypi.org/simple" }
dependencies = [
    { name = "nodeenv" },
    { name = "typing-extensions" },
]
sdist = { url = "https://files.pythonhosted.org/packages/e1/1b/244c7b710031ada80f27e579ec20d28a2285dfc318fed0339866b1047f12/pyright-1.1.414.tar.gz", hash = "sha256:523c0a97c60da6333234955c277730c9cf4f5bd6d5399e7b7d2b0fc5d3599524", size = 4154638, upload-time = "2026-09-10T12:26:53.181Z" }
wheels = [
    { url = "https://files.pythonhosted.org/packages/d7/ba/18b6e682ead424ad24bcc134339ae5d1b931cd9ae260540592a058a91279/pyright-1.1.414-py3-none-any.whl", hash = "sha256:2a6b4b3298c9eec174c5ed83bd338de6eee82df2992f3e1930e6199d381be36f", size = 6225049, upload-time = "2026-09-10T12:26:51.427Z" },
]

[[package]]
name = "pytest"
version = "9.1.1"
source = { registry = "https://pypi.org/simple" }
dependencies = [
    { name = "colorama", marker = "sys_platform == 'win32'" },
    { name = "iniconfig" },
    { name = "packaging" },
    { name = "pluggy" },
    { name = "pygments" },
]
sdist = { url = "https://files.pythonhosted.org/packages/e4/47/b9efed96c114afcfa3c9d3fe98a76a1d14c74a9e266d397cf6eb64be5e01/pytest-9.1.1.tar.gz", hash = "sha256:1088fbde8f2b49d95a549a195707afa7a76a3ce9bcadc26b6d71f0ffda5fe313", size = 1636369, upload-time = "2026-06-19T10:58:32.857Z" }
wheels = [
    { url = "https://files.pythonhosted.org/packages/24/25/1de2678b631f5a49215c6c96fff41ba892b0a34df68d6d80292b1b48aa7f/pytest-9.1.1-py3-none-any.whl", hash = "sha256:37a86b45efb9a47a61a36449063e8e18d0cab3161329fc099eb21783169c4f0c", size = 386536, upload-time = "2026-06-19T10:58:31.347Z" },
]

[[package]]
name = "ruff"
version = "0.16.8"
source = { registry = "https://pypi.org/simple" }
sdist = { url = "https://files.pythonhosted.org/packages/ba/78/449cb84790bd5cc3823b2652ee405a4558856e5c4195aee3a16bf7b3eb5d/ruff-0.16.8.tar.gz", hash = "sha256:9247bf92b5f04d825c8639a4fe423ec2e4222acd9222e58412b0dab7e442798b", size = 4938814, upload-time = "2026-09-16T15:54:46.688Z" }
wheels = [
    { url = "https://files.pythonhosted.org/packages/ac/25/6071aabc530e9be7e2c195e8fe3f7aea2735405b6cf447212832d7811831/ruff-0.16.8-py3-none-linux_armv6l.whl", hash = "sha256:6ffbd6d87383c1edf5f6fa890f10200950240d7c1a16052a19a09d3a2307dd38", size = 10048966, upload-time = "2026-09-16T15:53:57.605Z" },
    { url = "https://files.pythonhosted.org/packages/54/98/07f90ecbc74dd5fb5764f11f2bc774d6a7cffef92d2ff5f5b4e9e23c754e/ruff-0.16.8-py3-none-macosx_10_12_x86_64.whl", hash = "sha256:42ed6b878ed61e3acca92f2730a17acff39286944ea82398544696366a6f925e", size = 10165498, upload-time = "2026-09-16T15:54:01.14Z" },
    { url = "https://files.pythonhosted.org/packages/fe/1f/e6a712e3b47cad4a40600134105ed193cb773f618a42eb7ba323cb812cc0/ruff-0.16.8-py3-none-macosx_11_0_arm64.whl", hash = "sha256:7ea781c7f2afba8c6a505ea0fb3f994020249e0c450635f5381286fea6b46170", size = 9830004, upload-time = "2026-09-16T15:54:03.998Z" },
    { url = "https://files.pythonhosted.org/packages/23/f2/311a08776d75d81c7676e20b6b020ae63cbe881fcdc7a8dd64e6e18bdd93/ruff-0.16.8-py3-none-manylinux_2_17_aarch64.manylinux2014_aarch64.whl", hash = "sha256:8efeae3bbe414a5efefda11a792dfb51ef90ac48d50c4830de2f644caf3e8659", size = 9986558, upload-time = "2026-09-16T15:54:06.804Z" },
    { url = "https://files.pythonhosted.org/packages/f3/ed/37b6cb3d3ba8c73e68ae3eb1d502383beb5aa05a582bb7bb3a922f929f54/ruff-0.16.8-py3-none-manylinux_2_17_armv7l.manylinux2014_armv7l.whl", hash = "sha256:3a79b795469fef7fc6e908b218eed2eb17332afd85031db6480dc864560e69b2", size = 9877332, upload-time = "2026-09-16T15:54:09.552Z" },
    { url = "https://files.pythonhosted.org/packages/22/cc/40873a8f36ad084cc540d55fcca7077264d5b13b24659e9180c176fb2b08/ruff-0.16.8-py3-none-manylinux_2_17_i686.manylinux2014_i686.whl", hash = "sha256:3fdc5563cdc50555e6fba39322850860e9267c1b3d12c26a74729d8604c3c812", size = 10507125, upload-time = "2026-09-16T15:54:12.152Z" },
    { url = "https://files.pythonhosted.org/packages/c3/e4/fc91a642b78ccbab6b9477720f3644ae7a10a9bcce69a934679cd64f62bc/ruff-0.16.8-py3-none-manylinux_2_17_ppc64le.manylinux2014_ppc64le.whl", hash = "sha256:34508983c70665578dab88f5223d8e6228307e1135398ca8bfc8b7e9501e282b", size = 11336694, upload-time = "2026-09-16T15:54:15.489Z" },
    { url = "https://files.pythonhosted.org/packages/c2/3d/bbd2a9a600a4e73dc3e7548a249c8d1671273464b55822c6fae50f602dff/ruff-0.16.8-py3-none-manylinux_2_17_s390x.manylinux2014_s390x.whl", hash = "sha256:644bb578569e0ffc575741232bd385dacdd6fbe123f1a729e7a225f54aa3957f", size = 10774448, upload-time = "2026-09-16T15:54:18.16Z" },
    { url = "https://files.pythonhosted.org/packages/1a/41/d83af9879a7b6e8bf5fe16b1da0b134049d2f5d3afac12defb0897cb84bd/ruff-0.16.8-py3-none-manylinux_2_17_x86_64.manylinux2014_x86_64.whl", hash = "sha256:15e7d226246961db9235098333caa13063906d3851136b84c2900b82f5daa1df", size = 10323796, upload-time = "2026-09-16T15:54:20.743Z" },
    { url = "https://files.pythonhosted.org/packages/f5/2c/cefd07bfe914b84943ea769ade8d607bd22750b965d3228eefd7cebd15d0/ruff-0.16.8-py3-none-manylinux_2_31_riscv64.whl", hash = "sha256:a2bf6bc3e9ebdd4449abc6f06cf64b98051a2c61cf94d2fe9596518c881f1a1e", size = 10514115, upload-time = "2026-09-16T15:54:23.497Z" },
    { url = "https://files.pythonhosted.org/packages/f3/9d/76a2e26c79a23be6e6e3664c57bec9e9fc8de155cfb9e4b67ea91b64f9d7/ruff-0.16.8-py3-none-musllinux_1_2_aarch64.whl", hash = "sha256:6ca111ba0849539165e9e59d2b442542f3c1e8060ebbdea82494f1ffbccb1e1f", size = 10072582, upload-time = "2026-09-16T15:54:26.185Z" },
    { url = "https://files.pythonhosted.org/packages/2e/d4/f42edddb39668af1a559ceafa3823aedd65633a48dc9768e775485faa2c1/ruff-0.16.8-py3-none-musllinux_1_2_armv7l.whl", hash = "sha256:359a1e5b495448ee1e91018064382ebc86f90e8aac2fed222c7d0e4e8df85fd2", size = 9879644, upload-time = "2026-09-16T15:54:29.278Z" },
    { url = "https://files.pythonhosted.org/packages/f8/d4/913e3195d95e0378786c6656945c865f534a3560e29139da4882aff630d1/ruff-0.16.8-py3-none-musllinux_1_2_i686.whl", hash = "sha256:59e8f5681349474110b24d62e93cfda6593f5fa3473446ca3705200cac1a08b9", size = 10231569, upload-time = "2026-09-16T15:54:32.036Z" },
    { url = "https://files.pythonhosted.org/packages/2b/c4/8aa6ea0bdcedbd1bf87397e2fc4ed8406448ea5842f8660bc6e5f163039d/ruff-0.16.8-py3-none-musllinux_1_2_x86_64.whl", hash = "sha256:efa3e7a16d1baaa79957888dfdf8be9ef2e44db81cb032af06d76632ab59e773", size = 10663666, upload-time = "2026-09-16T15:54:34.838Z" },
    { url = "https://files.pythonhosted.org/packages/3d/02/7f10ef4700bc223c30a3fdd10631a29830c45524b810a3c7ed947af64591/ruff-0.16.8-py3-none-win32.whl", hash = "sha256:55793ba85c69921e89be061426d91a78652d6e50317c962240922747a4eb713f", size = 10093472, upload-time = "2026-09-16T15:54:37.47Z" },
    { url = "https://files.pythonhosted.org/packages/1e/5d/a509c07d714b6da88f2c518b4637cf6f1d46b074be8f0f1e5fb9ff5126fe/ruff-0.16.8-py3-none-win_amd64.whl", hash = "sha256:a6b85621fd3c81e31fc5f5add09c9c078b430db3595ca632efafdec9e64ebfaa", size = 10586899, upload-time = "2026-09-16T15:54:40.488Z" },
    { url = "https://files.pythonhosted.org/packages/fe/a0/50787329e4f20bf9dc9f6230015d46ec69c51a97ace5bc202dae4755365d/ruff-0.16.8-py3-none-win_arm64.whl", hash = "sha256:d075e820af612102ce217f07cc93e69f9490b10ec13ea85fa87bd03d996cef8a", size = 10386316, upload-time = "2026-09-16T15:54:43.332Z" },
]

[[package]]
name = "typing-extensions"
version = "4.16.0"
source = { registry = "https://pypi.org/simple" }
sdist = { url = "https://files.pythonhosted.org/packages/f6/cc/6253133b5bb138fc3306cebfbda2c520f545d36b5be2c7255cc528bb45d6/typing_extensions-4.16.0.tar.gz", hash = "sha256:dc983d19a509c94dba722ee6abd33940f7c05a89e243c47e907eb4db6f1a43e5", size = 113555, upload-time = "2026-07-02T08:40:05.92Z" }
wheels = [
    { url = "https://files.pythonhosted.org/packages/49/d3/b8441a820a491ddfc024b0b0cf0393375b75ea13866d9c66727e54c2fc80/typing_extensions-4.16.0-py3-none-any.whl", hash = "sha256:481caa481374e813c1b176ada14e97f1f67a4539ce9cfeb3f350d78d6370c2e8", size = 45571, upload-time = "2026-07-02T08:40:04.659Z" },
]
